
Microsoft Visual Studio Solution File, Format Version 12.00
# Visual Studio 2012
Project("{8BC9CEB8-8B4A-11D0-8D11-00A0C91BC942}") = "Marslander", "Marslander\Marslander.vcxproj", "{2A279672-C749-4AAC-AE54-0FD823A81E61}"
EndProject
Project("{2150E333-8FDC-42A3-9474-1A3956D46DE8}") = "Calculations", "Calculations", "{93D0C1C6-9ACD-444D-BD14-961B09916EFF}"
	ProjectSection(SolutionItems) = preProject
		Marslander\harmonious_spring.m = Marslander\harmonious_spring.m
	EndProjectSection
EndProject
Global
	GlobalSection(SolutionConfigurationPlatforms) = preSolution
		Debug|Win32 = Debug|Win32
		Release|Win32 = Release|Win32
	EndGlobalSection
	GlobalSection(ProjectConfigurationPlatforms) = postSolution
		{2A279672-C749-4AAC-AE54-0FD823A81E61}.Debug|Win32.ActiveCfg = Debug|Win32
		{2A279672-C749-4AAC-AE54-0FD823A81E61}.Debug|Win32.Build.0 = Debug|Win32
		{2A279672-C749-4AAC-AE54-0FD823A81E61}.Release|Win32.ActiveCfg = Release|Win32
		{2A279672-C749-4AAC-AE54-0FD823A81E61}.Release|Win32.Build.0 = Release|Win32
	EndGlobalSection
	GlobalSection(SolutionProperties) = preSolution
		HideSolutionNode = FALSE
	EndGlobalSection
EndGlobal
